// !$*UTF8*$!
{
	archiveVersion = 1;
	classes = {
	};
	objectVersion = 46;
	objects = {

/* Begin PBXBuildFile section */
		4BA507E2169308EE00BA657F /* UIKit.framework in Frameworks */ = {isa = PBXBuildFile; fileRef = 4BA507E1169308EE00BA657F /* UIKit.framework */; };
		4BA507E4169308EE00BA657F /* Foundation.framework in Frameworks */ = {isa = PBXBuildFile; fileRef = 4BA507E3169308EE00BA657F /* Foundation.framework */; };
		4BA507E6169308EE00BA657F /* CoreGraphics.framework in Frameworks */ = {isa = PBXBuildFile; fileRef = 4BA507E5169308EE00BA657F /* CoreGraphics.framework */; };
		4BA507EC169308EE00BA657F /* InfoPlist.strings in Resources */ = {isa = PBXBuildFile; fileRef = 4BA507EA169308EE00BA657F /* InfoPlist.strings */; };
		4BA507EE169308EE00BA657F /* main.m in Sources */ = {isa = PBXBuildFile; fileRef = 4BA507ED169308EE00BA657F /* main.m */; };
		4BA507F2169308EE00BA657F /* TutorMeAppDelegate.m in Sources */ = {isa = PBXBuildFile; fileRef = 4BA507F1169308EE00BA657F /* TutorMeAppDelegate.m */; };
		4BA507F4169308EE00BA657F /* Default.png in Resources */ = {isa = PBXBuildFile; fileRef = 4BA507F3169308EE00BA657F /* Default.png */; };
		4BA507F6169308EE00BA657F /* Default@2x.png in Resources */ = {isa = PBXBuildFile; fileRef = 4BA507F5169308EE00BA657F /* Default@2x.png */; };
		4BA507F8169308EE00BA657F /* Default-568h@2x.png in Resources */ = {isa = PBXBuildFile; fileRef = 4BA507F7169308EE00BA657F /* Default-568h@2x.png */; };
		4BA507FB169308EE00BA657F /* MainStoryboard.storyboard in Resources */ = {isa = PBXBuildFile; fileRef = 4BA507F9169308EE00BA657F /* MainStoryboard.storyboard */; };
		4BA507FE169308EE00BA657F /* TutorMeViewController.m in Sources */ = {isa = PBXBuildFile; fileRef = 4BA507FD169308EE00BA657F /* TutorMeViewController.m */; };
/* End PBXBuildFile section */

/* Begin PBXFileReference section */
		4BA507DD169308EE00BA657F /* TutorMe.app */ = {isa = PBXFileReference; explicitFileType = wrapper.application; includeInIndex = 0; path = TutorMe.app; sourceTree = BUILT_PRODUCTS_DIR; };
		4BA507E1169308EE00BA657F /* UIKit.framework */ = {isa = PBXFileReference; lastKnownFileType = wrapper.framework; name = UIKit.framework; path = System/Library/Frameworks/UIKit.framework; sourceTree = SDKROOT; };
		4BA507E3169308EE00BA657F /* Foundation.framework */ = {isa = PBXFileReference; lastKnownFileType = wrapper.framework; name = Foundation.framework; path = System/Library/Frameworks/Foundation.framework; sourceTree = SDKROOT; };
		4BA507E5169308EE00BA657F /* CoreGraphics.framework */ = {isa = PBXFileReference; lastKnownFileType = wrapper.framework; name = CoreGraphics.framework; path = System/Library/Frameworks/CoreGraphics.framework; sourceTree = SDKROOT; };
		4BA507E9169308EE00BA657F /* TutorMe-Info.plist */ = {isa = PBXFileReference; lastKnownFileType = text.plist.xml; path = "TutorMe-Info.plist"; sourceTree = "<group>"; };
		4BA507EB169308EE00BA657F /* en */ = {isa = PBXFileReference; lastKnownFileType = text.plist.strings; name = en; path = en.lproj/InfoPlist.strings; sourceTree = "<group>"; };
		4BA507ED169308EE00BA657F /* main.m */ = {isa = PBXFileReference; lastKnownFileType = sourcecode.c.objc; path = main.m; sourceTree = "<group>"; };
		4BA507EF169308EE00BA657F /* TutorMe-Prefix.pch */ = {isa = PBXFileReference; lastKnownFileType = sourcecode.c.h; path = "TutorMe-Prefix.pch"; sourceTree = "<group>"; };
		4BA507F0169308EE00BA657F /* TutorMeAppDelegate.h */ = {isa = PBXFileReference; lastKnownFileType = sourcecode.c.h; path = TutorMeAppDelegate.h; sourceTree = "<group>"; };
		4BA507F1169308EE00BA657F /* TutorMeAppDelegate.m */ = {isa = PBXFileReference; lastKnownFileType = sourcecode.c.objc; path = TutorMeAppDelegate.m; sourceTree = "<group>"; };
		4BA507F3169308EE00BA657F /* Default.png */ = {isa = PBXFileReference; lastKnownFileType = image.png; path = Default.png; sourceTree = "<group>"; };
		4BA507F5169308EE00BA657F /* Default@2x.png */ = {isa = PBXFileReference; lastKnownFileType = image.png; path = "Default@2x.png"; sourceTree = "<group>"; };
		4BA507F7169308EE00BA657F /* Default-568h@2x.png */ = {isa = PBXFileReference; lastKnownFileType = image.png; path = "Default-568h@2x.png"; sourceTree = "<group>"; };
		4BA507FA169308EE00BA657F /* en */ = {isa = PBXFileReference; lastKnownFileType = file.storyboard; name = en; path = en.lproj/MainStoryboard.storyboard; sourceTree = "<group>"; };
		4BA507FC169308EE00BA657F /* TutorMeViewController.h */ = {isa = PBXFileReference; lastKnownFileType = sourcecode.c.h; path = TutorMeViewController.h; sourceTree = "<group>"; };
		4BA507FD169308EE00BA657F /* TutorMeViewController.m */ = {isa = PBXFileReference; lastKnownFileType = sourcecode.c.objc; path = TutorMeViewController.m; sourceTree = "<group>"; };
/* End PBXFileReference section */

/* Begin PBXFrameworksBuildPhase section */
		4BA507DA169308EE00BA657F /* Frameworks */ = {
			isa = PBXFrameworksBuildPhase;
			buildActionMask = 2147483647;
			files = (
				4BA507E2169308EE00BA657F /* UIKit.framework in Frameworks */,
				4BA507E4169308EE00BA657F /* Foundation.framework in Frameworks */,
				4BA507E6169308EE00BA657F /* CoreGraphics.framework in Frameworks */,
			);
			runOnlyForDeploymentPostprocessing = 0;
		};
/* End PBXFrameworksBuildPhase section */

/* Begin PBXGroup section */
		4BA507D2169308ED00BA657F = {
			isa = PBXGroup;
			children = (
				4BA507E7169308EE00BA657F /* TutorMe */,
				4BA507E0169308EE00BA657F /* Frameworks */,
				4BA507DE169308EE00BA657F /* Products */,
			);
			sourceTree = "<group>";
		};
		4BA507DE169308EE00BA657F /* Products */ = {
			isa = PBXGroup;
			children = (
				4BA507DD169308EE00BA657F /* TutorMe.app */,
			);
			name = Products;
			sourceTree = "<group>";
		};
		4BA507E0169308EE00BA657F /* Frameworks */ = {
			isa = PBXGroup;
			children = (
				4BA507E1169308EE00BA657F /* UIKit.framework */,
				4BA507E3169308EE00BA657F /* Foundation.framework */,
				4BA507E5169308EE00BA657F /* CoreGraphics.framework */,
			);
			name = Frameworks;
			sourceTree = "<group>";
		};
		4BA507E7169308EE00BA657F /* TutorMe */ = {
			isa = PBXGroup;
			children = (
				4BA507F0169308EE00BA657F /* TutorMeAppDelegate.h */,
				4BA507F1169308EE00BA657F /* TutorMeAppDelegate.m */,
				4BA507F9169308EE00BA657F /* MainStoryboard.storyboard */,
				4BA507FC169308EE00BA657F /* TutorMeViewController.h */,
				4BA507FD169308EE00BA657F /* TutorMeViewController.m */,
				4BA507E8169308EE00BA657F /* Supporting Files */,
			);
			path = TutorMe;
			sourceTree = "<group>";
		};
		4BA507E8169308EE00BA657F /* Supporting Files */ = {
			isa = PBXGroup;
			children = (
				4BA507E9169308EE00BA657F /* TutorMe-Info.plist */,
				4BA507EA169308EE00BA657F /* InfoPlist.strings */,
				4BA507ED169308EE00BA657F /* main.m */,
				4BA507EF169308EE00BA657F /* TutorMe-Prefix.pch */,
				4BA507F3169308EE00BA657F /* Default.png */,
				4BA507F5169308EE00BA657F /* Default@2x.png */,
				4BA507F7169308EE00BA657F /* Default-568h@2x.png */,
			);
			name = "Supporting Files";
			sourceTree = "<group>";
		};
/* End PBXGroup section */

/* Begin PBXNativeTarget section */
		4BA507DC169308EE00BA657F /* TutorMe */ = {
			isa = PBXNativeTarget;
			buildConfigurationList = 4BA50801169308EE00BA657F /* Build configuration list for PBXNativeTarget "TutorMe" */;
			buildPhases = (
				4BA507D9169308EE00BA657F /* Sources */,
				4BA507DA169308EE00BA657F /* Frameworks */,
				4BA507DB169308EE00BA657F /* Resources */,
			);
			buildRules = (
			);
			dependencies = (
			);
			name = TutorMe;
			productName = TutorMe;
			productReference = 4BA507DD169308EE00BA657F /* TutorMe.app */;
			productType = "com.apple.product-type.application";
		};
/* End PBXNativeTarget section */

/* Begin PBXProject section */
		4BA507D4169308ED00BA657F /* Project object */ = {
			isa = PBXProject;
			attributes = {
				CLASSPREFIX = TutorMe;
				LastUpgradeCheck = 0450;
				ORGANIZATIONNAME = com.masonw;
			};
			buildConfigurationList = 4BA507D7169308ED00BA657F /* Build configuration list for PBXProject "TutorMe" */;
			compatibilityVersion = "Xcode 3.2";
			developmentRegion = English;
			hasScannedForEncodings = 0;
			knownRegions = (
				en,
			);
			mainGroup = 4BA507D2169308ED00BA657F;
			productRefGroup = 4BA507DE169308EE00BA657F /* Products */;
			projectDirPath = "";
			projectRoot = "";
			targets = (
				4BA507DC169308EE00BA657F /* TutorMe */,
			);
		};
/* End PBXProject section */

/* Begin PBXResourcesBuildPhase section */
		4BA507DB169308EE00BA657F /* Resources */ = {
			isa = PBXResourcesBuildPhase;
			buildActionMask = 2147483647;
			files = (
				4BA507EC169308EE00BA657F /* InfoPlist.strings in Resources */,
				4BA507F4169308EE00BA657F /* Default.png in Resources */,
				4BA507F6169308EE00BA657F /* Default@2x.png in Resources */,
				4BA507F8169308EE00BA657F /* Default-568h@2x.png in Resources */,
				4BA507FB169308EE00BA657F /* MainStoryboard.storyboard in Resources */,
			);
			runOnlyForDeploymentPostprocessing = 0;
		};
/* End PBXResourcesBuildPhase section */

/* Begin PBXSourcesBuildPhase section */
		4BA507D9169308EE00BA657F /* Sources */ = {
			isa = PBXSourcesBuildPhase;
			buildActionMask = 2147483647;
			files = (
				4BA507EE169308EE00BA657F /* main.m in Sources */,
				4BA507F2169308EE00BA657F /* TutorMeAppDelegate.m in Sources */,
				4BA507FE169308EE00BA657F /* TutorMeViewController.m in Sources */,
			);
			runOnlyForDeploymentPostprocessing = 0;
		};
/* End PBXSourcesBuildPhase section */

/* Begin PBXVariantGroup section */
		4BA507EA169308EE00BA657F /* InfoPlist.strings */ = {
			isa = PBXVariantGroup;
			children = (
				4BA507EB169308EE00BA657F /* en */,
			);
			name = InfoPlist.strings;
			sourceTree = "<group>";
		};
		4BA507F9169308EE00BA657F /* MainStoryboard.storyboard */ = {
			isa = PBXVariantGroup;
			children = (
				4BA507FA169308EE00BA657F /* en */,
			);
			name = MainStoryboard.storyboard;
			sourceTree = "<group>";
		};
/* End PBXVariantGroup section */

/* Begin XCBuildConfiguration section */
		4BA507FF169308EE00BA657F /* Debug */ = {
			isa = XCBuildConfiguration;
			buildSettings = {
				ALWAYS_SEARCH_USER_PATHS = NO;
				CLANG_CXX_LANGUAGE_STANDARD = "gnu++0x";
				CLANG_CXX_LIBRARY = "libc++";
				CLANG_ENABLE_OBJC_ARC = YES;
				CLANG_WARN_EMPTY_BODY = YES;
				CLANG_WARN__DUPLICATE_METHOD_MATCH = YES;
				"CODE_SIGN_IDENTITY[sdk=iphoneos*]" = "iPhone Developer";
				COPY_PHASE_STRIP = NO;
				GCC_C_LANGUAGE_STANDARD = gnu99;
				GCC_DYNAMIC_NO_PIC = NO;
				GCC_OPTIMIZATION_LEVEL = 0;
				GCC_PREPROCESSOR_DEFINITIONS = (
					"DEBUG=1",
					"$(inherited)",
				);
				GCC_SYMBOLS_PRIVATE_EXTERN = NO;
				GCC_WARN_ABOUT_RETURN_TYPE = YES;
				GCC_WARN_UNINITIALIZED_AUTOS = YES;
				GCC_WARN_UNUSED_VARIABLE = YES;
				IPHONEOS_DEPLOYMENT_TARGET = 6.0;
				ONLY_ACTIVE_ARCH = YES;
				SDKROOT = iphoneos;
			};
			name = Debug;
		};
		4BA50800169308EE00BA657F /* Release */ = {
			isa = XCBuildConfiguration;
			buildSettings = {
				ALWAYS_SEARCH_USER_PATHS = NO;
				CLANG_CXX_LANGUAGE_STANDARD = "gnu++0x";
				CLANG_CXX_LIBRARY = "libc++";
				CLANG_ENABLE_OBJC_ARC = YES;
				CLANG_WARN_EMPTY_BODY = YES;
				CLANG_WARN__DUPLICATE_METHOD_MATCH = YES;
				"CODE_SIGN_IDENTITY[sdk=iphoneos*]" = "iPhone Developer";
				COPY_PHASE_STRIP = YES;
				GCC_C_LANGUAGE_STANDARD = gnu99;
				GCC_WARN_ABOUT_RETURN_TYPE = YES;
				GCC_WARN_UNINITIALIZED_AUTOS = YES;
				GCC_WARN_UNUSED_VARIABLE = YES;
				IPHONEOS_DEPLOYMENT_TARGET = 6.0;
				OTHER_CFLAGS = "-DNS_BLOCK_ASSERTIONS=1";
				SDKROOT = iphoneos;
				VALIDATE_PRODUCT = YES;
			};
			name = Release;
		};
		4BA50802169308EE00BA657F /* Debug */ = {
			isa = XCBuildConfiguration;
			buildSettings = {
				GCC_PRECOMPILE_PREFIX_HEADER = YES;
				GCC_PREFIX_HEADER = "TutorMe/TutorMe-Prefix.pch";
				INFOPLIST_FILE = "TutorMe/TutorMe-Info.plist";
				PRODUCT_NAME = "$(TARGET_NAME)";
				WRAPPER_EXTENSION = app;
			};
			name = Debug;
		};
		4BA50803169308EE00BA657F /* Release */ = {
			isa = XCBuildConfiguration;
			buildSettings = {
				GCC_PRECOMPILE_PREFIX_HEADER = YES;
				GCC_PREFIX_HEADER = "TutorMe/TutorMe-Prefix.pch";
				INFOPLIST_FILE = "TutorMe/TutorMe-Info.plist";
				PRODUCT_NAME = "$(TARGET_NAME)";
				WRAPPER_EXTENSION = app;
			};
			name = Release;
		};
/* End XCBuildConfiguration section */

/* Begin XCConfigurationList section */
		4BA507D7169308ED00BA657F /* Build configuration list for PBXProject "TutorMe" */ = {
			isa = XCConfigurationList;
			buildConfigurations = (
				4BA507FF169308EE00BA657F /* Debug */,
				4BA50800169308EE00BA657F /* Release */,
			);
			defaultConfigurationIsVisible = 0;
			defaultConfigurationName = Release;
		};
		4BA50801169308EE00BA657F /* Build configuration list for PBXNativeTarget "TutorMe" */ = {
			isa = XCConfigurationList;
			buildConfigurations = (
				4BA50802169308EE00BA657F /* Debug */,
				4BA50803169308EE00BA657F /* Release */,
			);
			defaultConfigurationIsVisible = 0;
		};
/* End XCConfigurationList section */
	};
	rootObject = 4BA507D4169308ED00BA657F /* Project object */;
}
